
Microsoft Visual Studio Solution File, Format Version 12.00
# Visual Studio Version 16
VisualStudioVersion = 16.0.30114.105
MinimumVisualStudioVersion = 10.0.40219.1
Project("{9A19103F-16F7-4668-BE54-9A1E7A4F7556}") = "BankAccount", "BankAccount.csproj", "{89224D4D-1BCD-4BF5-8236-18BBF350547E}"
EndProject
Global
	GlobalSection(SolutionConfigurationPlatforms) = preSolution
		Debug|Any CPU = Debug|Any CPU
		Release|Any CPU = Release|Any CPU
	EndGlobalSection
	GlobalSection(ProjectConfigurationPlatforms) = postSolution
		{89224D4D-1BCD-4BF5-8236-18BBF350547E}.Debug|Any CPU.ActiveCfg = Debug|Any CPU
		{89224D4D-1BCD-4BF5-8236-18BBF350547E}.Debug|Any CPU.Build.0 = Debug|Any CPU
		{89224D4D-1BCD-4BF5-8236-18BBF350547E}.Release|Any CPU.ActiveCfg = Release|Any CPU
		{89224D4D-1BCD-4BF5-8236-18BBF350547E}.Release|Any CPU.Build.0 = Release|Any CPU
	EndGlobalSection
	GlobalSection(SolutionProperties) = preSolution
		HideSolutionNode = FALSE
	EndGlobalSection
	GlobalSection(ExtensibilityGlobals) = postSolution
		SolutionGuid = {7E2A2587-6C0A-441F-99AB-C95B82823CAA}
	EndGlobalSection
EndGlobal
